
Microsoft Visual Studio Solution File, Format Version 12.00
# Visual Studio 15
VisualStudioVersion = 15.0.27130.2036
MinimumVisualStudioVersion = 10.0.40219.1
Project("{FAE04EC0-301F-11D3-BF4B-00C04F79EFBC}") = "ClosedCapt", "ClosedCapt\ClosedCapt.csproj", "{AE1DD85E-1279-4E4B-8C7E-BF4F58C07B0D}"
EndProject
Global
	GlobalSection(SolutionConfigurationPlatforms) = preSolution
		Debug|Any CPU = Debug|Any CPU
		Release|Any CPU = Release|Any CPU
	EndGlobalSection
	GlobalSection(ProjectConfigurationPlatforms) = postSolution
		{AE1DD85E-1279-4E4B-8C7E-BF4F58C07B0D}.Debug|Any CPU.ActiveCfg = Debug|Any CPU
		{AE1DD85E-1279-4E4B-8C7E-BF4F58C07B0D}.Debug|Any CPU.Build.0 = Debug|Any CPU
		{AE1DD85E-1279-4E4B-8C7E-BF4F58C07B0D}.Release|Any CPU.ActiveCfg = Release|Any CPU
		{AE1DD85E-1279-4E4B-8C7E-BF4F58C07B0D}.Release|Any CPU.Build.0 = Release|Any CPU
	EndGlobalSection
	GlobalSection(SolutionProperties) = preSolution
		HideSolutionNode = FALSE
	EndGlobalSection
	GlobalSection(ExtensibilityGlobals) = postSolution
		SolutionGuid = {64EE6C7D-2EB4-4B1F-82D8-78F3095333EC}
	EndGlobalSection
EndGlobal
